github.com/jpanther/congo/v2 v2.12.2 h1:dr7oI/as+g+FJ6zVLZ3LSVOSRlsJjSsvTO6YP4zbOsQ=
github.com/jpanther/congo/v2 v2.12.2/go.mod h1:1S7DRoO1ZYS4YUdFd1LjTkdyjQwsjFWd8TqSfz3Jd+M=
github.com/yihui/hugo-xmin v0.0.0-20250821032850-c871e5665f5e h1:BRhJUJ4i1NVkNwEKOsPJlFSLxKcMPrw/bpDhT2KzPjM=
github.com/yihui/hugo-xmin v0.0.0-20250821032850-c871e5665f5e/go.mod h1:RiCR4psTF4iydlh4bR9BijKIHmivp7IeBaokx0CvzRA=
